// !$*UTF8*$!
{
	archiveVersion = 1;
	classes = {
	};
	objectVersion = 56;
	objects = {

/* Begin PBXBuildFile section */
		8405A4CC2A90F25D0098609F /* EmptyPlaceholderView.swift in Sources */ = {isa = PBXBuildFile; fileRef = 8405A4CB2A90F25D0098609F /* EmptyPlaceholderView.swift */; };
		8405A4CE2A90F3EC0098609F /* DataStorage.swift in Sources */ = {isa = PBXBuildFile; fileRef = 8405A4CD2A90F3EC0098609F /* DataStorage.swift */; };
		8432F7192A94F3700000799B /* SDWebImageSwiftUI in Frameworks */ = {isa = PBXBuildFile; productRef = 8432F7182A94F3700000799B /* SDWebImageSwiftUI */; };
		8432F71C2A94F45C0000799B /* LazyReleaseableView.swift in Sources */ = {isa = PBXBuildFile; fileRef = 8432F71B2A94F45C0000799B /* LazyReleaseableView.swift */; };
		8432F71F2A94F9B80000799B /* FavouriteGridCell.swift in Sources */ = {isa = PBXBuildFile; fileRef = 8432F71E2A94F9B80000799B /* FavouriteGridCell.swift */; };
		8432F7212A94FF2F0000799B /* FavouriteListCell.swift in Sources */ = {isa = PBXBuildFile; fileRef = 8432F7202A94FF2F0000799B /* FavouriteListCell.swift */; };
		8432F7232A9500760000799B /* LocalFileManager.swift in Sources */ = {isa = PBXBuildFile; fileRef = 8432F7222A9500760000799B /* LocalFileManager.swift */; };
		8432F72E2A960F120000799B /* MockService.swift in Sources */ = {isa = PBXBuildFile; fileRef = 8432F72D2A960F120000799B /* MockService.swift */; };
		8432F7302A9611E30000799B /* SamplePost.json in Resources */ = {isa = PBXBuildFile; fileRef = 8432F72F2A9611E30000799B /* SamplePost.json */; };
		8432F7352A9622A40000799B /* SDWebImageSwiftUI in Frameworks */ = {isa = PBXBuildFile; productRef = 8432F7342A9622A40000799B /* SDWebImageSwiftUI */; };
		84F7E6672A947A14003B9133 /* SearchView.swift in Sources */ = {isa = PBXBuildFile; fileRef = 84F7E6662A947A14003B9133 /* SearchView.swift */; };
		84F7E6692A947A9F003B9133 /* SearchViewModel.swift in Sources */ = {isa = PBXBuildFile; fileRef = 84F7E6682A947A9F003B9133 /* SearchViewModel.swift */; };
		84FD7DB32A90E18A00C66970 /* EYAssignmentApp.swift in Sources */ = {isa = PBXBuildFile; fileRef = 84FD7DB22A90E18A00C66970 /* EYAssignmentApp.swift */; };
		84FD7DB52A90E18A00C66970 /* ContentView.swift in Sources */ = {isa = PBXBuildFile; fileRef = 84FD7DB42A90E18A00C66970 /* ContentView.swift */; };
		84FD7DB72A90E18C00C66970 /* Assets.xcassets in Resources */ = {isa = PBXBuildFile; fileRef = 84FD7DB62A90E18C00C66970 /* Assets.xcassets */; };
		84FD7DBA2A90E18C00C66970 /* Preview Assets.xcassets in Resources */ = {isa = PBXBuildFile; fileRef = 84FD7DB92A90E18C00C66970 /* Preview Assets.xcassets */; };
		84FD7DC42A90E18D00C66970 /* EYAssignmentTests.swift in Sources */ = {isa = PBXBuildFile; fileRef = 84FD7DC32A90E18D00C66970 /* EYAssignmentTests.swift */; };
		84FD7DCE2A90E18D00C66970 /* EYAssignmentUITests.swift in Sources */ = {isa = PBXBuildFile; fileRef = 84FD7DCD2A90E18D00C66970 /* EYAssignmentUITests.swift */; };
		84FD7DD02A90E18D00C66970 /* EYAssignmentUITestsLaunchTests.swift in Sources */ = {isa = PBXBuildFile; fileRef = 84FD7DCF2A90E18D00C66970 /* EYAssignmentUITestsLaunchTests.swift */; };
		84FD7DE12A90E24C00C66970 /* HomeView.swift in Sources */ = {isa = PBXBuildFile; fileRef = 84FD7DE02A90E24C00C66970 /* HomeView.swift */; };
		84FD7DE32A90E29500C66970 /* FavouriteView.swift in Sources */ = {isa = PBXBuildFile; fileRef = 84FD7DE22A90E29500C66970 /* FavouriteView.swift */; };
		84FD7DE52A90E2B700C66970 /* HomeListView.swift in Sources */ = {isa = PBXBuildFile; fileRef = 84FD7DE42A90E2B700C66970 /* HomeListView.swift */; };
		84FD7DE72A90E2DB00C66970 /* FavouriteGridView.swift in Sources */ = {isa = PBXBuildFile; fileRef = 84FD7DE62A90E2DB00C66970 /* FavouriteGridView.swift */; };
		84FD7DE92A90E2F900C66970 /* HomeViewModel.swift in Sources */ = {isa = PBXBuildFile; fileRef = 84FD7DE82A90E2F900C66970 /* HomeViewModel.swift */; };
		84FD7DEB2A90E31900C66970 /* FavouriteViewModel.swift in Sources */ = {isa = PBXBuildFile; fileRef = 84FD7DEA2A90E31900C66970 /* FavouriteViewModel.swift */; };
		84FD7DEE2A90E37000C66970 /* GifAPI.swift in Sources */ = {isa = PBXBuildFile; fileRef = 84FD7DED2A90E37000C66970 /* GifAPI.swift */; };
		84FD7DF32A90E61900C66970 /* TrendingModel.swift in Sources */ = {isa = PBXBuildFile; fileRef = 84FD7DF22A90E61900C66970 /* TrendingModel.swift */; };
		84FD7DF52A90EA0200C66970 /* HomeListViewCell.swift in Sources */ = {isa = PBXBuildFile; fileRef = 84FD7DF42A90EA0200C66970 /* HomeListViewCell.swift */; };
/* End PBXBuildFile section */

/* Begin PBXContainerItemProxy section */
		84FD7DC02A90E18D00C66970 /* PBXContainerItemProxy */ = {
			isa = PBXContainerItemProxy;
			containerPortal = 84FD7DA72A90E18A00C66970 /* Project object */;
			proxyType = 1;
			remoteGlobalIDString = 84FD7DAE2A90E18A00C66970;
			remoteInfo = EYAssignment;
		};
		84FD7DCA2A90E18D00C66970 /* PBXContainerItemProxy */ = {
			isa = PBXContainerItemProxy;
			containerPortal = 84FD7DA72A90E18A00C66970 /* Project object */;
			proxyType = 1;
			remoteGlobalIDString = 84FD7DAE2A90E18A00C66970;
			remoteInfo = EYAssignment;
		};
/* End PBXContainerItemProxy section */

/* Begin PBXFileReference section */
		8405A4CB2A90F25D0098609F /* EmptyPlaceholderView.swift */ = {isa = PBXFileReference; lastKnownFileType = sourcecode.swift; path = EmptyPlaceholderView.swift; sourceTree = "<group>"; };
		8405A4CD2A90F3EC0098609F /* DataStorage.swift */ = {isa = PBXFileReference; lastKnownFileType = sourcecode.swift; path = DataStorage.swift; sourceTree = "<group>"; };
		8432F71B2A94F45C0000799B /* LazyReleaseableView.swift */ = {isa = PBXFileReference; lastKnownFileType = sourcecode.swift; path = LazyReleaseableView.swift; sourceTree = "<group>"; };
		8432F71E2A94F9B80000799B /* FavouriteGridCell.swift */ = {isa = PBXFileReference; lastKnownFileType = sourcecode.swift; path = FavouriteGridCell.swift; sourceTree = "<group>"; };
		8432F7202A94FF2F0000799B /* FavouriteListCell.swift */ = {isa = PBXFileReference; lastKnownFileType = sourcecode.swift; path = FavouriteListCell.swift; sourceTree = "<group>"; };
		8432F7222A9500760000799B /* LocalFileManager.swift */ = {isa = PBXFileReference; lastKnownFileType = sourcecode.swift; path = LocalFileManager.swift; sourceTree = "<group>"; };
		8432F72D2A960F120000799B /* MockService.swift */ = {isa = PBXFileReference; lastKnownFileType = sourcecode.swift; path = MockService.swift; sourceTree = "<group>"; };
		8432F72F2A9611E30000799B /* SamplePost.json */ = {isa = PBXFileReference; fileEncoding = 4; lastKnownFileType = text.json; path = SamplePost.json; sourceTree = "<group>"; };
		84F7E6662A947A14003B9133 /* SearchView.swift */ = {isa = PBXFileReference; lastKnownFileType = sourcecode.swift; path = SearchView.swift; sourceTree = "<group>"; };
		84F7E6682A947A9F003B9133 /* SearchViewModel.swift */ = {isa = PBXFileReference; lastKnownFileType = sourcecode.swift; path = SearchViewModel.swift; sourceTree = "<group>"; };
		84FD7DAF2A90E18A00C66970 /* EYAssignment.app */ = {isa = PBXFileReference; explicitFileType = wrapper.application; includeInIndex = 0; path = EYAssignment.app; sourceTree = BUILT_PRODUCTS_DIR; };
		84FD7DB22A90E18A00C66970 /* EYAssignmentApp.swift */ = {isa = PBXFileReference; lastKnownFileType = sourcecode.swift; path = EYAssignmentApp.swift; sourceTree = "<group>"; };
		84FD7DB42A90E18A00C66970 /* ContentView.swift */ = {isa = PBXFileReference; lastKnownFileType = sourcecode.swift; path = ContentView.swift; sourceTree = "<group>"; };
		84FD7DB62A90E18C00C66970 /* Assets.xcassets */ = {isa = PBXFileReference; lastKnownFileType = folder.assetcatalog; path = Assets.xcassets; sourceTree = "<group>"; };
		84FD7DB92A90E18C00C66970 /* Preview Assets.xcassets */ = {isa = PBXFileReference; lastKnownFileType = folder.assetcatalog; path = "Preview Assets.xcassets"; sourceTree = "<group>"; };
		84FD7DBF2A90E18D00C66970 /* EYAssignmentTests.xctest */ = {isa = PBXFileReference; explicitFileType = wrapper.cfbundle; includeInIndex = 0; path = EYAssignmentTests.xctest; sourceTree = BUILT_PRODUCTS_DIR; };
		84FD7DC32A90E18D00C66970 /* EYAssignmentTests.swift */ = {isa = PBXFileReference; lastKnownFileType = sourcecode.swift; path = EYAssignmentTests.swift; sourceTree = "<group>"; };
		84FD7DC92A90E18D00C66970 /* EYAssignmentUITests.xctest */ = {isa = PBXFileReference; explicitFileType = wrapper.cfbundle; includeInIndex = 0; path = EYAssignmentUITests.xctest; sourceTree = BUILT_PRODUCTS_DIR; };
		84FD7DCD2A90E18D00C66970 /* EYAssignmentUITests.swift */ = {isa = PBXFileReference; lastKnownFileType = sourcecode.swift; path = EYAssignmentUITests.swift; sourceTree = "<group>"; };
		84FD7DCF2A90E18D00C66970 /* EYAssignmentUITestsLaunchTests.swift */ = {isa = PBXFileReference; lastKnownFileType = sourcecode.swift; path = EYAssignmentUITestsLaunchTests.swift; sourceTree = "<group>"; };
		84FD7DE02A90E24C00C66970 /* HomeView.swift */ = {isa = PBXFileReference; lastKnownFileType = sourcecode.swift; path = HomeView.swift; sourceTree = "<group>"; };
		84FD7DE22A90E29500C66970 /* FavouriteView.swift */ = {isa = PBXFileReference; lastKnownFileType = sourcecode.swift; path = FavouriteView.swift; sourceTree = "<group>"; };
		84FD7DE42A90E2B700C66970 /* HomeListView.swift */ = {isa = PBXFileReference; lastKnownFileType = sourcecode.swift; path = HomeListView.swift; sourceTree = "<group>"; };
		84FD7DE62A90E2DB00C66970 /* FavouriteGridView.swift */ = {isa = PBXFileReference; lastKnownFileType = sourcecode.swift; path = FavouriteGridView.swift; sourceTree = "<group>"; };
		84FD7DE82A90E2F900C66970 /* HomeViewModel.swift */ = {isa = PBXFileReference; lastKnownFileType = sourcecode.swift; path = HomeViewModel.swift; sourceTree = "<group>"; };
		84FD7DEA2A90E31900C66970 /* FavouriteViewModel.swift */ = {isa = PBXFileReference; lastKnownFileType = sourcecode.swift; path = FavouriteViewModel.swift; sourceTree = "<group>"; };
		84FD7DED2A90E37000C66970 /* GifAPI.swift */ = {isa = PBXFileReference; lastKnownFileType = sourcecode.swift; path = GifAPI.swift; sourceTree = "<group>"; };
		84FD7DF22A90E61900C66970 /* TrendingModel.swift */ = {isa = PBXFileReference; lastKnownFileType = sourcecode.swift; path = TrendingModel.swift; sourceTree = "<group>"; };
		84FD7DF42A90EA0200C66970 /* HomeListViewCell.swift */ = {isa = PBXFileReference; lastKnownFileType = sourcecode.swift; path = HomeListViewCell.swift; sourceTree = "<group>"; };
/* End PBXFileReference section */

/* Begin PBXFrameworksBuildPhase section */
		84FD7DAC2A90E18A00C66970 /* Frameworks */ = {
			isa = PBXFrameworksBuildPhase;
			buildActionMask = 2147483647;
			files = (
				8432F7192A94F3700000799B /* SDWebImageSwiftUI in Frameworks */,
			);
			runOnlyForDeploymentPostprocessing = 0;
		};
		84FD7DBC2A90E18D00C66970 /* Frameworks */ = {
			isa = PBXFrameworksBuildPhase;
			buildActionMask = 2147483647;
			files = (
				8432F7352A9622A40000799B /* SDWebImageSwiftUI in Frameworks */,
			);
			runOnlyForDeploymentPostprocessing = 0;
		};
		84FD7DC62A90E18D00C66970 /* Frameworks */ = {
			isa = PBXFrameworksBuildPhase;
			buildActionMask = 2147483647;
			files = (
			);
			runOnlyForDeploymentPostprocessing = 0;
		};
/* End PBXFrameworksBuildPhase section */

/* Begin PBXGroup section */
		8432F71A2A94F3EC0000799B /* SupportingView */ = {
			isa = PBXGroup;
			children = (
				8405A4CB2A90F25D0098609F /* EmptyPlaceholderView.swift */,
				8432F71B2A94F45C0000799B /* LazyReleaseableView.swift */,
			);
			path = SupportingView;
			sourceTree = "<group>";
		};
		8432F71D2A94F4CB0000799B /* CustomCell */ = {
			isa = PBXGroup;
			children = (
				84FD7DE62A90E2DB00C66970 /* FavouriteGridView.swift */,
				84FD7DF42A90EA0200C66970 /* HomeListViewCell.swift */,
				84FD7DE42A90E2B700C66970 /* HomeListView.swift */,
				8432F71E2A94F9B80000799B /* FavouriteGridCell.swift */,
				8432F7202A94FF2F0000799B /* FavouriteListCell.swift */,
			);
			path = CustomCell;
			sourceTree = "<group>";
		};
		8432F7242A95F9530000799B /* Mock Test */ = {
			isa = PBXGroup;
			children = (
				8432F72D2A960F120000799B /* MockService.swift */,
			);
			path = "Mock Test";
			sourceTree = "<group>";
		};
		8432F7332A9622A40000799B /* Frameworks */ = {
			isa = PBXGroup;
			children = (
			);
			name = Frameworks;
			sourceTree = "<group>";
		};
		84FD7DA62A90E18A00C66970 = {
			isa = PBXGroup;
			children = (
				84FD7DB12A90E18A00C66970 /* EYAssignment */,
				84FD7DC22A90E18D00C66970 /* EYAssignmentTests */,
				84FD7DCC2A90E18D00C66970 /* EYAssignmentUITests */,
				84FD7DB02A90E18A00C66970 /* Products */,
				8432F7332A9622A40000799B /* Frameworks */,
			);
			sourceTree = "<group>";
		};
		84FD7DB02A90E18A00C66970 /* Products */ = {
			isa = PBXGroup;
			children = (
				84FD7DAF2A90E18A00C66970 /* EYAssignment.app */,
				84FD7DBF2A90E18D00C66970 /* EYAssignmentTests.xctest */,
				84FD7DC92A90E18D00C66970 /* EYAssignmentUITests.xctest */,
			);
			name = Products;
			sourceTree = "<group>";
		};
		84FD7DB12A90E18A00C66970 /* EYAssignment */ = {
			isa = PBXGroup;
			children = (
				84FD7DEC2A90E34400C66970 /* Network */,
				84FD7DDF2A90E20700C66970 /* ViewModels */,
				84FD7DDE2A90E1F900C66970 /* Views */,
				84FD7DDC2A90E1D500C66970 /* Models */,
				84FD7DB22A90E18A00C66970 /* EYAssignmentApp.swift */,
				84FD7DB42A90E18A00C66970 /* ContentView.swift */,
				8432F72F2A9611E30000799B /* SamplePost.json */,
				84FD7DB62A90E18C00C66970 /* Assets.xcassets */,
				84FD7DB82A90E18C00C66970 /* Preview Content */,
			);
			path = EYAssignment;
			sourceTree = "<group>";
		};
		84FD7DB82A90E18C00C66970 /* Preview Content */ = {
			isa = PBXGroup;
			children = (
				84FD7DB92A90E18C00C66970 /* Preview Assets.xcassets */,
			);
			path = "Preview Content";
			sourceTree = "<group>";
		};
		84FD7DC22A90E18D00C66970 /* EYAssignmentTests */ = {
			isa = PBXGroup;
			children = (
				84FD7DC32A90E18D00C66970 /* EYAssignmentTests.swift */,
			);
			path = EYAssignmentTests;
			sourceTree = "<group>";
		};
		84FD7DCC2A90E18D00C66970 /* EYAssignmentUITests */ = {
			isa = PBXGroup;
			children = (
				84FD7DCD2A90E18D00C66970 /* EYAssignmentUITests.swift */,
				84FD7DCF2A90E18D00C66970 /* EYAssignmentUITestsLaunchTests.swift */,
			);
			path = EYAssignmentUITests;
			sourceTree = "<group>";
		};
		84FD7DDC2A90E1D500C66970 /* Models */ = {
			isa = PBXGroup;
			children = (
				84FD7DF22A90E61900C66970 /* TrendingModel.swift */,
				8405A4CD2A90F3EC0098609F /* DataStorage.swift */,
				8432F7222A9500760000799B /* LocalFileManager.swift */,
			);
			path = Models;
			sourceTree = "<group>";
		};
		84FD7DDE2A90E1F900C66970 /* Views */ = {
			isa = PBXGroup;
			children = (
				8432F71D2A94F4CB0000799B /* CustomCell */,
				8432F71A2A94F3EC0000799B /* SupportingView */,
				84FD7DE02A90E24C00C66970 /* HomeView.swift */,
				84FD7DE22A90E29500C66970 /* FavouriteView.swift */,
				84F7E6662A947A14003B9133 /* SearchView.swift */,
			);
			path = Views;
			sourceTree = "<group>";
		};
		84FD7DDF2A90E20700C66970 /* ViewModels */ = {
			isa = PBXGroup;
			children = (
				84FD7DE82A90E2F900C66970 /* HomeViewModel.swift */,
				84FD7DEA2A90E31900C66970 /* FavouriteViewModel.swift */,
				84F7E6682A947A9F003B9133 /* SearchViewModel.swift */,
			);
			path = ViewModels;
			sourceTree = "<group>";
		};
		84FD7DEC2A90E34400C66970 /* Network */ = {
			isa = PBXGroup;
			children = (
				8432F7242A95F9530000799B /* Mock Test */,
				84FD7DED2A90E37000C66970 /* GifAPI.swift */,
			);
			path = Network;
			sourceTree = "<group>";
		};
/* End PBXGroup section */

/* Begin PBXNativeTarget section */
		84FD7DAE2A90E18A00C66970 /* EYAssignment */ = {
			isa = PBXNativeTarget;
			buildConfigurationList = 84FD7DD32A90E18D00C66970 /* Build configuration list for PBXNativeTarget "EYAssignment" */;
			buildPhases = (
				84FD7DAB2A90E18A00C66970 /* Sources */,
				84FD7DAC2A90E18A00C66970 /* Frameworks */,
				84FD7DAD2A90E18A00C66970 /* Resources */,
			);
			buildRules = (
			);
			dependencies = (
			);
			name = EYAssignment;
			packageProductDependencies = (
				8432F7182A94F3700000799B /* SDWebImageSwiftUI */,
			);
			productName = EYAssignment;
			productReference = 84FD7DAF2A90E18A00C66970 /* EYAssignment.app */;
			productType = "com.apple.product-type.application";
		};
		84FD7DBE2A90E18D00C66970 /* EYAssignmentTests */ = {
			isa = PBXNativeTarget;
			buildConfigurationList = 84FD7DD62A90E18D00C66970 /* Build configuration list for PBXNativeTarget "EYAssignmentTests" */;
			buildPhases = (
				84FD7DBB2A90E18D00C66970 /* Sources */,
				84FD7DBC2A90E18D00C66970 /* Frameworks */,
				84FD7DBD2A90E18D00C66970 /* Resources */,
			);
			buildRules = (
			);
			dependencies = (
				84FD7DC12A90E18D00C66970 /* PBXTargetDependency */,
			);
			name = EYAssignmentTests;
			packageProductDependencies = (
				8432F7342A9622A40000799B /* SDWebImageSwiftUI */,
			);
			productName = EYAssignmentTests;
			productReference = 84FD7DBF2A90E18D00C66970 /* EYAssignmentTests.xctest */;
			productType = "com.apple.product-type.bundle.unit-test";
		};
		84FD7DC82A90E18D00C66970 /* EYAssignmentUITests */ = {
			isa = PBXNativeTarget;
			buildConfigurationList = 84FD7DD92A90E18D00C66970 /* Build configuration list for PBXNativeTarget "EYAssignmentUITests" */;
			buildPhases = (
				84FD7DC52A90E18D00C66970 /* Sources */,
				84FD7DC62A90E18D00C66970 /* Frameworks */,
				84FD7DC72A90E18D00C66970 /* Resources */,
			);
			buildRules = (
			);
			dependencies = (
				84FD7DCB2A90E18D00C66970 /* PBXTargetDependency */,
			);
			name = EYAssignmentUITests;
			productName = EYAssignmentUITests;
			productReference = 84FD7DC92A90E18D00C66970 /* EYAssignmentUITests.xctest */;
			productType = "com.apple.product-type.bundle.ui-testing";
		};
/* End PBXNativeTarget section */

/* Begin PBXProject section */
		84FD7DA72A90E18A00C66970 /* Project object */ = {
			isa = PBXProject;
			attributes = {
				BuildIndependentTargetsInParallel = 1;
				LastSwiftUpdateCheck = 1400;
				LastUpgradeCheck = 1400;
				TargetAttributes = {
					84FD7DAE2A90E18A00C66970 = {
						CreatedOnToolsVersion = 14.0;
					};
					84FD7DBE2A90E18D00C66970 = {
						CreatedOnToolsVersion = 14.0;
						TestTargetID = 84FD7DAE2A90E18A00C66970;
					};
					84FD7DC82A90E18D00C66970 = {
						CreatedOnToolsVersion = 14.0;
						TestTargetID = 84FD7DAE2A90E18A00C66970;
					};
				};
			};
			buildConfigurationList = 84FD7DAA2A90E18A00C66970 /* Build configuration list for PBXProject "EYAssignment" */;
			compatibilityVersion = "Xcode 14.0";
			developmentRegion = en;
			hasScannedForEncodings = 0;
			knownRegions = (
				en,
				Base,
			);
			mainGroup = 84FD7DA62A90E18A00C66970;
			packageReferences = (
				8432F7172A94F3700000799B /* XCRemoteSwiftPackageReference "SDWebImageSwiftUI" */,
			);
			productRefGroup = 84FD7DB02A90E18A00C66970 /* Products */;
			projectDirPath = "";
			projectRoot = "";
			targets = (
				84FD7DAE2A90E18A00C66970 /* EYAssignment */,
				84FD7DBE2A90E18D00C66970 /* EYAssignmentTests */,
				84FD7DC82A90E18D00C66970 /* EYAssignmentUITests */,
			);
		};
/* End PBXProject section */

/* Begin PBXResourcesBuildPhase section */
		84FD7DAD2A90E18A00C66970 /* Resources */ = {
			isa = PBXResourcesBuildPhase;
			buildActionMask = 2147483647;
			files = (
				84FD7DBA2A90E18C00C66970 /* Preview Assets.xcassets in Resources */,
				8432F7302A9611E30000799B /* SamplePost.json in Resources */,
				84FD7DB72A90E18C00C66970 /* Assets.xcassets in Resources */,
			);
			runOnlyForDeploymentPostprocessing = 0;
		};
		84FD7DBD2A90E18D00C66970 /* Resources */ = {
			isa = PBXResourcesBuildPhase;
			buildActionMask = 2147483647;
			files = (
			);
			runOnlyForDeploymentPostprocessing = 0;
		};
		84FD7DC72A90E18D00C66970 /* Resources */ = {
			isa = PBXResourcesBuildPhase;
			buildActionMask = 2147483647;
			files = (
			);
			runOnlyForDeploymentPostprocessing = 0;
		};
/* End PBXResourcesBuildPhase section */

/* Begin PBXSourcesBuildPhase section */
		84FD7DAB2A90E18A00C66970 /* Sources */ = {
			isa = PBXSourcesBuildPhase;
			buildActionMask = 2147483647;
			files = (
				84FD7DE12A90E24C00C66970 /* HomeView.swift in Sources */,
				8432F7212A94FF2F0000799B /* FavouriteListCell.swift in Sources */,
				84F7E6692A947A9F003B9133 /* SearchViewModel.swift in Sources */,
				84FD7DB52A90E18A00C66970 /* ContentView.swift in Sources */,
				84FD7DF32A90E61900C66970 /* TrendingModel.swift in Sources */,
				84FD7DF52A90EA0200C66970 /* HomeListViewCell.swift in Sources */,
				8405A4CE2A90F3EC0098609F /* DataStorage.swift in Sources */,
				84FD7DE92A90E2F900C66970 /* HomeViewModel.swift in Sources */,
				84FD7DE52A90E2B700C66970 /* HomeListView.swift in Sources */,
				8432F72E2A960F120000799B /* MockService.swift in Sources */,
				84FD7DEB2A90E31900C66970 /* FavouriteViewModel.swift in Sources */,
				8405A4CC2A90F25D0098609F /* EmptyPlaceholderView.swift in Sources */,
				84F7E6672A947A14003B9133 /* SearchView.swift in Sources */,
				84FD7DE32A90E29500C66970 /* FavouriteView.swift in Sources */,
				84FD7DE72A90E2DB00C66970 /* FavouriteGridView.swift in Sources */,
				8432F7232A9500760000799B /* LocalFileManager.swift in Sources */,
				84FD7DEE2A90E37000C66970 /* GifAPI.swift in Sources */,
				8432F71F2A94F9B80000799B /* FavouriteGridCell.swift in Sources */,
				84FD7DB32A90E18A00C66970 /* EYAssignmentApp.swift in Sources */,
				8432F71C2A94F45C0000799B /* LazyReleaseableView.swift in Sources */,
			);
			runOnlyForDeploymentPostprocessing = 0;
		};
		84FD7DBB2A90E18D00C66970 /* Sources */ = {
			isa = PBXSourcesBuildPhase;
			buildActionMask = 2147483647;
			files = (
				84FD7DC42A90E18D00C66970 /* EYAssignmentTests.swift in Sources */,
			);
			runOnlyForDeploymentPostprocessing = 0;
		};
		84FD7DC52A90E18D00C66970 /* Sources */ = {
			isa = PBXSourcesBuildPhase;
			buildActionMask = 2147483647;
			files = (
				84FD7DCE2A90E18D00C66970 /* EYAssignmentUITests.swift in Sources */,
				84FD7DD02A90E18D00C66970 /* EYAssignmentUITestsLaunchTests.swift in Sources */,
			);
			runOnlyForDeploymentPostprocessing = 0;
		};
/* End PBXSourcesBuildPhase section */

/* Begin PBXTargetDependency section */
		84FD7DC12A90E18D00C66970 /* PBXTargetDependency */ = {
			isa = PBXTargetDependency;
			target = 84FD7DAE2A90E18A00C66970 /* EYAssignment */;
			targetProxy = 84FD7DC02A90E18D00C66970 /* PBXContainerItemProxy */;
		};
		84FD7DCB2A90E18D00C66970 /* PBXTargetDependency */ = {
			isa = PBXTargetDependency;
			target = 84FD7DAE2A90E18A00C66970 /* EYAssignment */;
			targetProxy = 84FD7DCA2A90E18D00C66970 /* PBXContainerItemProxy */;
		};
/* End PBXTargetDependency section */

/* Begin XCBuildConfiguration section */
		84FD7DD12A90E18D00C66970 /* Debug */ = {
			isa = XCBuildConfiguration;
			buildSettings = {
				ALWAYS_SEARCH_USER_PATHS = NO;
				CLANG_ANALYZER_NONNULL = YES;
				CLANG_ANALYZER_NUMBER_OBJECT_CONVERSION = YES_AGGRESSIVE;
				CLANG_CXX_LANGUAGE_STANDARD = "gnu++20";
				CLANG_ENABLE_MODULES = YES;
				CLANG_ENABLE_OBJC_ARC = YES;
				CLANG_ENABLE_OBJC_WEAK = YES;
				CLANG_WARN_BLOCK_CAPTURE_AUTORELEASING = YES;
				CLANG_WARN_BOOL_CONVERSION = YES;
				CLANG_WARN_COMMA = YES;
				CLANG_WARN_CONSTANT_CONVERSION = YES;
				CLANG_WARN_DEPRECATED_OBJC_IMPLEMENTATIONS = YES;
				CLANG_WARN_DIRECT_OBJC_ISA_USAGE = YES_ERROR;
				CLANG_WARN_DOCUMENTATION_COMMENTS = YES;
				CLANG_WARN_EMPTY_BODY = YES;
				CLANG_WARN_ENUM_CONVERSION = YES;
				CLANG_WARN_INFINITE_RECURSION = YES;
				CLANG_WARN_INT_CONVERSION = YES;
				CLANG_WARN_NON_LITERAL_NULL_CONVERSION = YES;
				CLANG_WARN_OBJC_IMPLICIT_RETAIN_SELF = YES;
				CLANG_WARN_OBJC_LITERAL_CONVERSION = YES;
				CLANG_WARN_OBJC_ROOT_CLASS = YES_ERROR;
				CLANG_WARN_QUOTED_INCLUDE_IN_FRAMEWORK_HEADER = YES;
				CLANG_WARN_RANGE_LOOP_ANALYSIS = YES;
				CLANG_WARN_STRICT_PROTOTYPES = YES;
				CLANG_WARN_SUSPICIOUS_MOVE = YES;
				CLANG_WARN_UNGUARDED_AVAILABILITY = YES_AGGRESSIVE;
				CLANG_WARN_UNREACHABLE_CODE = YES;
				CLANG_WARN__DUPLICATE_METHOD_MATCH = YES;
				COPY_PHASE_STRIP = NO;
				DEBUG_INFORMATION_FORMAT = dwarf;
				ENABLE_STRICT_OBJC_MSGSEND = YES;
				ENABLE_TESTABILITY = YES;
				GCC_C_LANGUAGE_STANDARD = gnu11;
				GCC_DYNAMIC_NO_PIC = NO;
				GCC_NO_COMMON_BLOCKS = YES;
				GCC_OPTIMIZATION_LEVEL = 0;
				GCC_PREPROCESSOR_DEFINITIONS = (
					"DEBUG=1",
					"$(inherited)",
				);
				GCC_WARN_64_TO_32_BIT_CONVERSION = YES;
				GCC_WARN_ABOUT_RETURN_TYPE = YES_ERROR;
				GCC_WARN_UNDECLARED_SELECTOR = YES;
				GCC_WARN_UNINITIALIZED_AUTOS = YES_AGGRESSIVE;
				GCC_WARN_UNUSED_FUNCTION = YES;
				GCC_WARN_UNUSED_VARIABLE = YES;
				IPHONEOS_DEPLOYMENT_TARGET = 16.0;
				MTL_ENABLE_DEBUG_INFO = INCLUDE_SOURCE;
				MTL_FAST_MATH = YES;
				ONLY_ACTIVE_ARCH = YES;
				SDKROOT = iphoneos;
				SWIFT_ACTIVE_COMPILATION_CONDITIONS = DEBUG;
				SWIFT_OPTIMIZATION_LEVEL = "-Onone";
			};
			name = Debug;
		};
		84FD7DD22A90E18D00C66970 /* Release */ = {
			isa = XCBuildConfiguration;
			buildSettings = {
				ALWAYS_SEARCH_USER_PATHS = NO;
				CLANG_ANALYZER_NONNULL = YES;
				CLANG_ANALYZER_NUMBER_OBJECT_CONVERSION = YES_AGGRESSIVE;
				CLANG_CXX_LANGUAGE_STANDARD = "gnu++20";
				CLANG_ENABLE_MODULES = YES;
				CLANG_ENABLE_OBJC_ARC = YES;
				CLANG_ENABLE_OBJC_WEAK = YES;
				CLANG_WARN_BLOCK_CAPTURE_AUTORELEASING = YES;
				CLANG_WARN_BOOL_CONVERSION = YES;
				CLANG_WARN_COMMA = YES;
				CLANG_WARN_CONSTANT_CONVERSION = YES;
				CLANG_WARN_DEPRECATED_OBJC_IMPLEMENTATIONS = YES;
				CLANG_WARN_DIRECT_OBJC_ISA_USAGE = YES_ERROR;
				CLANG_WARN_DOCUMENTATION_COMMENTS = YES;
				CLANG_WARN_EMPTY_BODY = YES;
				CLANG_WARN_ENUM_CONVERSION = YES;
				CLANG_WARN_INFINITE_RECURSION = YES;
				CLANG_WARN_INT_CONVERSION = YES;
				CLANG_WARN_NON_LITERAL_NULL_CONVERSION = YES;
				CLANG_WARN_OBJC_IMPLICIT_RETAIN_SELF = YES;
				CLANG_WARN_OBJC_LITERAL_CONVERSION = YES;
				CLANG_WARN_OBJC_ROOT_CLASS = YES_ERROR;
				CLANG_WARN_QUOTED_INCLUDE_IN_FRAMEWORK_HEADER = YES;
				CLANG_WARN_RANGE_LOOP_ANALYSIS = YES;
				CLANG_WARN_STRICT_PROTOTYPES = YES;
				CLANG_WARN_SUSPICIOUS_MOVE = YES;
				CLANG_WARN_UNGUARDED_AVAILABILITY = YES_AGGRESSIVE;
				CLANG_WARN_UNREACHABLE_CODE = YES;
				CLANG_WARN__DUPLICATE_METHOD_MATCH = YES;
				COPY_PHASE_STRIP = NO;
				DEBUG_INFORMATION_FORMAT = "dwarf-with-dsym";
				ENABLE_NS_ASSERTIONS = NO;
				ENABLE_STRICT_OBJC_MSGSEND = YES;
				GCC_C_LANGUAGE_STANDARD = gnu11;
				GCC_NO_COMMON_BLOCKS = YES;
				GCC_WARN_64_TO_32_BIT_CONVERSION = YES;
				GCC_WARN_ABOUT_RETURN_TYPE = YES_ERROR;
				GCC_WARN_UNDECLARED_SELECTOR = YES;
				GCC_WARN_UNINITIALIZED_AUTOS = YES_AGGRESSIVE;
				GCC_WARN_UNUSED_FUNCTION = YES;
				GCC_WARN_UNUSED_VARIABLE = YES;
				IPHONEOS_DEPLOYMENT_TARGET = 16.0;
				MTL_ENABLE_DEBUG_INFO = NO;
				MTL_FAST_MATH = YES;
				SDKROOT = iphoneos;
				SWIFT_COMPILATION_MODE = wholemodule;
				SWIFT_OPTIMIZATION_LEVEL = "-O";
				VALIDATE_PRODUCT = YES;
			};
			name = Release;
		};
		84FD7DD42A90E18D00C66970 /* Debug */ = {
			isa = XCBuildConfiguration;
			buildSettings = {
				ASSETCATALOG_COMPILER_APPICON_NAME = AppIcon;
				ASSETCATALOG_COMPILER_GLOBAL_ACCENT_COLOR_NAME = AccentColor;
				CODE_SIGN_STYLE = Automatic;
				CURRENT_PROJECT_VERSION = 1;
				DEVELOPMENT_ASSET_PATHS = "\"EYAssignment/Preview Content\"";
				ENABLE_PREVIEWS = YES;
				GENERATE_INFOPLIST_FILE = YES;
				INFOPLIST_KEY_UIApplicationSceneManifest_Generation = YES;
				INFOPLIST_KEY_UIApplicationSupportsIndirectInputEvents = YES;
				INFOPLIST_KEY_UILaunchScreen_Generation = YES;
				INFOPLIST_KEY_UISupportedInterfaceOrientations_iPad = "UIInterfaceOrientationPortrait UIInterfaceOrientationPortraitUpsideDown UIInterfaceOrientationLandscapeLeft UIInterfaceOrientationLandscapeRight";
				INFOPLIST_KEY_UISupportedInterfaceOrientations_iPhone = "UIInterfaceOrientationPortrait UIInterfaceOrientationLandscapeLeft UIInterfaceOrientationLandscapeRight";
				LD_RUNPATH_SEARCH_PATHS = (
					"$(inherited)",
					"@executable_path/Frameworks",
				);
				MARKETING_VERSION = 1.0;
				PRODUCT_BUNDLE_IDENTIFIER = test.ey.EYAssignment;
				PRODUCT_NAME = "$(TARGET_NAME)";
				SWIFT_EMIT_LOC_STRINGS = YES;
				SWIFT_VERSION = 5.0;
				TARGETED_DEVICE_FAMILY = "1,2";
			};
			name = Debug;
		};
		84FD7DD52A90E18D00C66970 /* Release */ = {
			isa = XCBuildConfiguration;
			buildSettings = {
				ASSETCATALOG_COMPILER_APPICON_NAME = AppIcon;
				ASSETCATALOG_COMPILER_GLOBAL_ACCENT_COLOR_NAME = AccentColor;
				CODE_SIGN_STYLE = Automatic;
				CURRENT_PROJECT_VERSION = 1;
				DEVELOPMENT_ASSET_PATHS = "\"EYAssignment/Preview Content\"";
				ENABLE_PREVIEWS = YES;
				GENERATE_INFOPLIST_FILE = YES;
				INFOPLIST_KEY_UIApplicationSceneManifest_Generation = YES;
				INFOPLIST_KEY_UIApplicationSupportsIndirectInputEvents = YES;
				INFOPLIST_KEY_UILaunchScreen_Generation = YES;
				INFOPLIST_KEY_UISupportedInterfaceOrientations_iPad = "UIInterfaceOrientationPortrait UIInterfaceOrientationPortraitUpsideDown UIInterfaceOrientationLandscapeLeft UIInterfaceOrientationLandscapeRight";
				INFOPLIST_KEY_UISupportedInterfaceOrientations_iPhone = "UIInterfaceOrientationPortrait UIInterfaceOrientationLandscapeLeft UIInterfaceOrientationLandscapeRight";
				LD_RUNPATH_SEARCH_PATHS = (
					"$(inherited)",
					"@executable_path/Frameworks",
				);
				MARKETING_VERSION = 1.0;
				PRODUCT_BUNDLE_IDENTIFIER = test.ey.EYAssignment;
				PRODUCT_NAME = "$(TARGET_NAME)";
				SWIFT_EMIT_LOC_STRINGS = YES;
				SWIFT_VERSION = 5.0;
				TARGETED_DEVICE_FAMILY = "1,2";
			};
			name = Release;
		};
		84FD7DD72A90E18D00C66970 /* Debug */ = {
			isa = XCBuildConfiguration;
			buildSettings = {
				ALWAYS_EMBED_SWIFT_STANDARD_LIBRARIES = YES;
				BUNDLE_LOADER = "$(TEST_HOST)";
				CODE_SIGN_STYLE = Automatic;
				CURRENT_PROJECT_VERSION = 1;
				GENERATE_INFOPLIST_FILE = YES;
				IPHONEOS_DEPLOYMENT_TARGET = 16.0;
				MARKETING_VERSION = 1.0;
				PRODUCT_BUNDLE_IDENTIFIER = test.ey.EYAssignmentTests;
				PRODUCT_NAME = "$(TARGET_NAME)";
				SWIFT_EMIT_LOC_STRINGS = NO;
				SWIFT_VERSION = 5.0;
				TARGETED_DEVICE_FAMILY = "1,2";
				TEST_HOST = "$(BUILT_PRODUCTS_DIR)/EYAssignment.app/$(BUNDLE_EXECUTABLE_FOLDER_PATH)/EYAssignment";
			};
			name = Debug;
		};
		84FD7DD82A90E18D00C66970 /* Release */ = {
			isa = XCBuildConfiguration;
			buildSettings = {
				ALWAYS_EMBED_SWIFT_STANDARD_LIBRARIES = YES;
				BUNDLE_LOADER = "$(TEST_HOST)";
				CODE_SIGN_STYLE = Automatic;
				CURRENT_PROJECT_VERSION = 1;
				GENERATE_INFOPLIST_FILE = YES;
				IPHONEOS_DEPLOYMENT_TARGET = 16.0;
				MARKETING_VERSION = 1.0;
				PRODUCT_BUNDLE_IDENTIFIER = test.ey.EYAssignmentTests;
				PRODUCT_NAME = "$(TARGET_NAME)";
				SWIFT_EMIT_LOC_STRINGS = NO;
				SWIFT_VERSION = 5.0;
				TARGETED_DEVICE_FAMILY = "1,2";
				TEST_HOST = "$(BUILT_PRODUCTS_DIR)/EYAssignment.app/$(BUNDLE_EXECUTABLE_FOLDER_PATH)/EYAssignment";
			};
			name = Release;
		};
		84FD7DDA2A90E18D00C66970 /* Debug */ = {
			isa = XCBuildConfiguration;
			buildSettings = {
				ALWAYS_EMBED_SWIFT_STANDARD_LIBRARIES = YES;
				CODE_SIGN_STYLE = Automatic;
				CURRENT_PROJECT_VERSION = 1;
				GENERATE_INFOPLIST_FILE = YES;
				MARKETING_VERSION = 1.0;
				PRODUCT_BUNDLE_IDENTIFIER = test.ey.EYAssignmentUITests;
				PRODUCT_NAME = "$(TARGET_NAME)";
				SWIFT_EMIT_LOC_STRINGS = NO;
				SWIFT_VERSION = 5.0;
				TARGETED_DEVICE_FAMILY = "1,2";
				TEST_TARGET_NAME = EYAssignment;
			};
			name = Debug;
		};
		84FD7DDB2A90E18D00C66970 /* Release */ = {
			isa = XCBuildConfiguration;
			buildSettings = {
				ALWAYS_EMBED_SWIFT_STANDARD_LIBRARIES = YES;
				CODE_SIGN_STYLE = Automatic;
				CURRENT_PROJECT_VERSION = 1;
				GENERATE_INFOPLIST_FILE = YES;
				MARKETING_VERSION = 1.0;
				PRODUCT_BUNDLE_IDENTIFIER = test.ey.EYAssignmentUITests;
				PRODUCT_NAME = "$(TARGET_NAME)";
				SWIFT_EMIT_LOC_STRINGS = NO;
				SWIFT_VERSION = 5.0;
				TARGETED_DEVICE_FAMILY = "1,2";
				TEST_TARGET_NAME = EYAssignment;
			};
			name = Release;
		};
/* End XCBuildConfiguration section */

/* Begin XCConfigurationList section */
		84FD7DAA2A90E18A00C66970 /* Build configuration list for PBXProject "EYAssignment" */ = {
			isa = XCConfigurationList;
			buildConfigurations = (
				84FD7DD12A90E18D00C66970 /* Debug */,
				84FD7DD22A90E18D00C66970 /* Release */,
			);
			defaultConfigurationIsVisible = 0;
			defaultConfigurationName = Release;
		};
		84FD7DD32A90E18D00C66970 /* Build configuration list for PBXNativeTarget "EYAssignment" */ = {
			isa = XCConfigurationList;
			buildConfigurations = (
				84FD7DD42A90E18D00C66970 /* Debug */,
				84FD7DD52A90E18D00C66970 /* Release */,
			);
			defaultConfigurationIsVisible = 0;
			defaultConfigurationName = Release;
		};
		84FD7DD62A90E18D00C66970 /* Build configuration list for PBXNativeTarget "EYAssignmentTests" */ = {
			isa = XCConfigurationList;
			buildConfigurations = (
				84FD7DD72A90E18D00C66970 /* Debug */,
				84FD7DD82A90E18D00C66970 /* Release */,
			);
			defaultConfigurationIsVisible = 0;
			defaultConfigurationName = Release;
		};
		84FD7DD92A90E18D00C66970 /* Build configuration list for PBXNativeTarget "EYAssignmentUITests" */ = {
			isa = XCConfigurationList;
			buildConfigurations = (
				84FD7DDA2A90E18D00C66970 /* Debug */,
				84FD7DDB2A90E18D00C66970 /* Release */,
			);
			defaultConfigurationIsVisible = 0;
			defaultConfigurationName = Release;
		};
/* End XCConfigurationList section */

/* Begin XCRemoteSwiftPackageReference section */
		8432F7172A94F3700000799B /* XCRemoteSwiftPackageReference "SDWebImageSwiftUI" */ = {
			isa = XCRemoteSwiftPackageReference;
			repositoryURL = "https://github.com/SDWebImage/SDWebImageSwiftUI.git";
			requirement = {
				kind = upToNextMajorVersion;
				minimumVersion = 2.0.0;
			};
		};
/* End XCRemoteSwiftPackageReference section */

/* Begin XCSwiftPackageProductDependency section */
		8432F7182A94F3700000799B /* SDWebImageSwiftUI */ = {
			isa = XCSwiftPackageProductDependency;
			package = 8432F7172A94F3700000799B /* XCRemoteSwiftPackageReference "SDWebImageSwiftUI" */;
			productName = SDWebImageSwiftUI;
		};
		8432F7342A9622A40000799B /* SDWebImageSwiftUI */ = {
			isa = XCSwiftPackageProductDependency;
			package = 8432F7172A94F3700000799B /* XCRemoteSwiftPackageReference "SDWebImageSwiftUI" */;
			productName = SDWebImageSwiftUI;
		};
/* End XCSwiftPackageProductDependency section */
	};
	rootObject = 84FD7DA72A90E18A00C66970 /* Project object */;
}
